// !$*UTF8*$!
{
	archiveVersion = 1;
	classes = {
	};
	objectVersion = 51;
	objects = {

/* Begin PBXBuildFile section */
		184F6FA3269384AC00F5769E /* SearchBarController.swift in Sources */ = {isa = PBXBuildFile; fileRef = 184F6FA1269384AC00F5769E /* SearchBarController.swift */; };
		184F6FA4269384AC00F5769E /* SearchBarController.xib in Resources */ = {isa = PBXBuildFile; fileRef = 184F6FA2269384AC00F5769E /* SearchBarController.xib */; };
		184F6FA82693852400F5769E /* SearchBarCell.swift in Sources */ = {isa = PBXBuildFile; fileRef = 184F6FA62693852400F5769E /* SearchBarCell.swift */; };
		184F6FA92693852400F5769E /* SearchBarCell.xib in Resources */ = {isa = PBXBuildFile; fileRef = 184F6FA72693852400F5769E /* SearchBarCell.xib */; };
		18585D922696BD250066B464 /* SearchDetailsCell.swift in Sources */ = {isa = PBXBuildFile; fileRef = 18585D902696BD250066B464 /* SearchDetailsCell.swift */; };
		18585D932696BD250066B464 /* SearchDetailsCell.xib in Resources */ = {isa = PBXBuildFile; fileRef = 18585D912696BD250066B464 /* SearchDetailsCell.xib */; };
		18585D9D2696C3C50066B464 /* SearchDetailsModal.swift in Sources */ = {isa = PBXBuildFile; fileRef = 18585D9C2696C3C50066B464 /* SearchDetailsModal.swift */; };
		18585DA22696CC590066B464 /* SearchDetailsController.swift in Sources */ = {isa = PBXBuildFile; fileRef = 18585DA12696CC590066B464 /* SearchDetailsController.swift */; };
		1868806C26917FB6007A07BC /* ViewExtension.swift in Sources */ = {isa = PBXBuildFile; fileRef = 1868806B26917FB6007A07BC /* ViewExtension.swift */; };
		186BF5F4269867DB000729A4 /* CommonCell.swift in Sources */ = {isa = PBXBuildFile; fileRef = 186BF5F2269867DB000729A4 /* CommonCell.swift */; };
		186BF5F5269867DB000729A4 /* CommonCell.xib in Resources */ = {isa = PBXBuildFile; fileRef = 186BF5F3269867DB000729A4 /* CommonCell.xib */; };
		186BF5F9269867FC000729A4 /* DatePickerCell.swift in Sources */ = {isa = PBXBuildFile; fileRef = 186BF5F7269867FC000729A4 /* DatePickerCell.swift */; };
		186BF5FA269867FC000729A4 /* DatePickerCell.xib in Resources */ = {isa = PBXBuildFile; fileRef = 186BF5F8269867FC000729A4 /* DatePickerCell.xib */; };
		186BF5FE26986813000729A4 /* TimePickerCell.swift in Sources */ = {isa = PBXBuildFile; fileRef = 186BF5FC26986813000729A4 /* TimePickerCell.swift */; };
		186BF5FF26986813000729A4 /* TimePickerCell.xib in Resources */ = {isa = PBXBuildFile; fileRef = 186BF5FD26986813000729A4 /* TimePickerCell.xib */; };
		186BF60526986A3B000729A4 /* TopSoilSeedVC.swift in Sources */ = {isa = PBXBuildFile; fileRef = 186BF60426986A3B000729A4 /* TopSoilSeedVC.swift */; };
		186BF60E26988D70000729A4 /* TwoRadioButtonCell.swift in Sources */ = {isa = PBXBuildFile; fileRef = 186BF60C26988D70000729A4 /* TwoRadioButtonCell.swift */; };
		186BF60F26988D70000729A4 /* TwoRadioButtonCell.xib in Resources */ = {isa = PBXBuildFile; fileRef = 186BF60D26988D70000729A4 /* TwoRadioButtonCell.xib */; };
		186BF6132698913A000729A4 /* ThreeRadioButtonCell.swift in Sources */ = {isa = PBXBuildFile; fileRef = 186BF6112698913A000729A4 /* ThreeRadioButtonCell.swift */; };
		186BF6142698913A000729A4 /* ThreeRadioButtonCell.xib in Resources */ = {isa = PBXBuildFile; fileRef = 186BF6122698913A000729A4 /* ThreeRadioButtonCell.xib */; };
		186BF61826989460000729A4 /* AttachmentCell.swift in Sources */ = {isa = PBXBuildFile; fileRef = 186BF61626989460000729A4 /* AttachmentCell.swift */; };
		186BF61926989460000729A4 /* AttachmentCell.xib in Resources */ = {isa = PBXBuildFile; fileRef = 186BF61726989460000729A4 /* AttachmentCell.xib */; };
		186BF61D26989A01000729A4 /* SubmitCell.swift in Sources */ = {isa = PBXBuildFile; fileRef = 186BF61B26989A01000729A4 /* SubmitCell.swift */; };
		186BF61E26989A01000729A4 /* SubmitCell.xib in Resources */ = {isa = PBXBuildFile; fileRef = 186BF61C26989A01000729A4 /* SubmitCell.xib */; };
		186BF62226989BC6000729A4 /* CheckBoxCell.swift in Sources */ = {isa = PBXBuildFile; fileRef = 186BF62026989BC6000729A4 /* CheckBoxCell.swift */; };
		186BF62326989BC6000729A4 /* CheckBoxCell.xib in Resources */ = {isa = PBXBuildFile; fileRef = 186BF62126989BC6000729A4 /* CheckBoxCell.xib */; };
		186BF6292699E4D7000729A4 /* PoliceBackupVC.swift in Sources */ = {isa = PBXBuildFile; fileRef = 186BF6282699E4D7000729A4 /* PoliceBackupVC.swift */; };
		186BF62F2699FBD0000729A4 /* Constant.swift in Sources */ = {isa = PBXBuildFile; fileRef = 186BF62E2699FBD0000729A4 /* Constant.swift */; };
		186BF6322699FBFE000729A4 /* TopSoilSeedModal.swift in Sources */ = {isa = PBXBuildFile; fileRef = 186BF6312699FBFE000729A4 /* TopSoilSeedModal.swift */; };
		1885EDF92695F7B0008C82EB /* Utility.swift in Sources */ = {isa = PBXBuildFile; fileRef = 1885EDF82695F7B0008C82EB /* Utility.swift */; };
		1885EE00269603D0008C82EB /* Modal.swift in Sources */ = {isa = PBXBuildFile; fileRef = 1885EDFF269603D0008C82EB /* Modal.swift */; };
		189EA7FB26909F0D0050BDA7 /* AppDelegate.swift in Sources */ = {isa = PBXBuildFile; fileRef = 189EA7FA26909F0D0050BDA7 /* AppDelegate.swift */; };
		189EA7FD26909F0D0050BDA7 /* SceneDelegate.swift in Sources */ = {isa = PBXBuildFile; fileRef = 189EA7FC26909F0D0050BDA7 /* SceneDelegate.swift */; };
		189EA80226909F0D0050BDA7 /* Main.storyboard in Resources */ = {isa = PBXBuildFile; fileRef = 189EA80026909F0D0050BDA7 /* Main.storyboard */; };
		189EA80526909F0D0050BDA7 /* Deacon.xcdatamodeld in Sources */ = {isa = PBXBuildFile; fileRef = 189EA80326909F0D0050BDA7 /* Deacon.xcdatamodeld */; };
		189EA80726909F0E0050BDA7 /* Assets.xcassets in Resources */ = {isa = PBXBuildFile; fileRef = 189EA80626909F0E0050BDA7 /* Assets.xcassets */; };
		189EA80A26909F0E0050BDA7 /* LaunchScreen.storyboard in Resources */ = {isa = PBXBuildFile; fileRef = 189EA80826909F0E0050BDA7 /* LaunchScreen.storyboard */; };
		189EA81426909F890050BDA7 /* HomePageVC.swift in Sources */ = {isa = PBXBuildFile; fileRef = 189EA81326909F890050BDA7 /* HomePageVC.swift */; };
		189EA81F2690A30E0050BDA7 /* ViewControllerFactory.swift in Sources */ = {isa = PBXBuildFile; fileRef = 189EA81E2690A30E0050BDA7 /* ViewControllerFactory.swift */; };
		189EA8242690A38C0050BDA7 /* Router.swift in Sources */ = {isa = PBXBuildFile; fileRef = 189EA8232690A38C0050BDA7 /* Router.swift */; };
		189EA8482690AE9B0050BDA7 /* ButtonExtension.swift in Sources */ = {isa = PBXBuildFile; fileRef = 189EA8472690AE9B0050BDA7 /* ButtonExtension.swift */; };
		189EA8502690AF900050BDA7 /* OtherExtension.swift in Sources */ = {isa = PBXBuildFile; fileRef = 189EA84F2690AF900050BDA7 /* OtherExtension.swift */; };
		189EA8532690B0890050BDA7 /* DependencyVC.swift in Sources */ = {isa = PBXBuildFile; fileRef = 189EA8522690B0890050BDA7 /* DependencyVC.swift */; };
		18C9C7CC26940C55003B6C95 /* Apimanager.swift in Sources */ = {isa = PBXBuildFile; fileRef = 18C9C7CB26940C55003B6C95 /* Apimanager.swift */; };
		18C9C7D62694168C003B6C95 /* ApiName.swift in Sources */ = {isa = PBXBuildFile; fileRef = 18C9C7D52694168C003B6C95 /* ApiName.swift */; };
		18CB7614269C55B500DB5E33 /* UItextFeildExtension.swift in Sources */ = {isa = PBXBuildFile; fileRef = 18CB7613269C55B500DB5E33 /* UItextFeildExtension.swift */; };
		18CB7617269C657700DB5E33 /* ImagePickerManager.swift in Sources */ = {isa = PBXBuildFile; fileRef = 18CB7616269C657700DB5E33 /* ImagePickerManager.swift */; };
		2807A45A269B00A20013B4A9 /* AppColor.swift in Sources */ = {isa = PBXBuildFile; fileRef = 2807A459269B00A20013B4A9 /* AppColor.swift */; };
		2807A45E269B0A170013B4A9 /* TwwValveContractVC.swift in Sources */ = {isa = PBXBuildFile; fileRef = 2807A45D269B0A170013B4A9 /* TwwValveContractVC.swift */; };
		282407BC269B212F0066AEED /* PVRadioButtonView.swift in Sources */ = {isa = PBXBuildFile; fileRef = 282407B8269B212F0066AEED /* PVRadioButtonView.swift */; };
		282407BD269B212F0066AEED /* PVRadioButton.swift in Sources */ = {isa = PBXBuildFile; fileRef = 282407BA269B212F0066AEED /* PVRadioButton.swift */; };
		282407BE269B212F0066AEED /* PVRadioButtonGroup.swift in Sources */ = {isa = PBXBuildFile; fileRef = 282407BB269B212F0066AEED /* PVRadioButtonGroup.swift */; };
		282407C2269B256D0066AEED /* ServiceLineReportVC.swift in Sources */ = {isa = PBXBuildFile; fileRef = 282407C1269B256D0066AEED /* ServiceLineReportVC.swift */; };
		282407C6269B25930066AEED /* ServiceLineReportModel.swift in Sources */ = {isa = PBXBuildFile; fileRef = 282407C5269B25930066AEED /* ServiceLineReportModel.swift */; };
		282407CA269B25C10066AEED /* TwwValveContractModel.swift in Sources */ = {isa = PBXBuildFile; fileRef = 282407C9269B25C10066AEED /* TwwValveContractModel.swift */; };
		282407D0269B3BCB0066AEED /* SixRadioButtonCell.swift in Sources */ = {isa = PBXBuildFile; fileRef = 282407CE269B3BCB0066AEED /* SixRadioButtonCell.swift */; };
		282407D1269B3BCB0066AEED /* SixRadioButtonCell.xib in Resources */ = {isa = PBXBuildFile; fileRef = 282407CF269B3BCB0066AEED /* SixRadioButtonCell.xib */; };
		286F86D6269D9C9D0079C7C9 /* FourRadioButtonCell.swift in Sources */ = {isa = PBXBuildFile; fileRef = 286F86D4269D9C9D0079C7C9 /* FourRadioButtonCell.swift */; };
		286F86D7269D9C9D0079C7C9 /* FourRadioButtonCell.xib in Resources */ = {isa = PBXBuildFile; fileRef = 286F86D5269D9C9D0079C7C9 /* FourRadioButtonCell.xib */; };
		286F86DA269D9CEB0079C7C9 /* FiveRadioButtonCell.swift in Sources */ = {isa = PBXBuildFile; fileRef = 286F86D8269D9CEB0079C7C9 /* FiveRadioButtonCell.swift */; };
		286F86DB269D9CEB0079C7C9 /* FiveRadioButtonCell.xib in Resources */ = {isa = PBXBuildFile; fileRef = 286F86D9269D9CEB0079C7C9 /* FiveRadioButtonCell.xib */; };
		286F86DE269D9DD80079C7C9 /* NextCell.swift in Sources */ = {isa = PBXBuildFile; fileRef = 286F86DC269D9DD80079C7C9 /* NextCell.swift */; };
		286F86DF269D9DD80079C7C9 /* NextCell.xib in Resources */ = {isa = PBXBuildFile; fileRef = 286F86DD269D9DD80079C7C9 /* NextCell.xib */; };
		28A0831D269C26A100EF63BF /* ThankYouVC.swift in Sources */ = {isa = PBXBuildFile; fileRef = 28A0831C269C26A100EF63BF /* ThankYouVC.swift */; };
		28A08321269C275200EF63BF /* ThankYouModel.swift in Sources */ = {isa = PBXBuildFile; fileRef = 28A08320269C275200EF63BF /* ThankYouModel.swift */; };
		28F035F0269AEEF90014C600 /* ModuleCollectionViewCell.xib in Resources */ = {isa = PBXBuildFile; fileRef = 28F035EE269AEEF90014C600 /* ModuleCollectionViewCell.xib */; };
		28F035F1269AEEF90014C600 /* ModuleCollectionViewCell.swift in Sources */ = {isa = PBXBuildFile; fileRef = 28F035EF269AEEF90014C600 /* ModuleCollectionViewCell.swift */; };
		28F035F4269AF0160014C600 /* HomeModel.swift in Sources */ = {isa = PBXBuildFile; fileRef = 28F035F3269AF0160014C600 /* HomeModel.swift */; };
		8B60350738CA860B0176AFF9 /* Pods_Deacon.framework in Frameworks */ = {isa = PBXBuildFile; fileRef = C18C1A8313A460030B5097D6 /* Pods_Deacon.framework */; };
/* End PBXBuildFile section */

/* Begin PBXFileReference section */
		184F6FA1269384AC00F5769E /* SearchBarController.swift */ = {isa = PBXFileReference; lastKnownFileType = sourcecode.swift; path = SearchBarController.swift; sourceTree = "<group>"; };
		184F6FA2269384AC00F5769E /* SearchBarController.xib */ = {isa = PBXFileReference; lastKnownFileType = file.xib; path = SearchBarController.xib; sourceTree = "<group>"; };
		184F6FA62693852400F5769E /* SearchBarCell.swift */ = {isa = PBXFileReference; lastKnownFileType = sourcecode.swift; path = SearchBarCell.swift; sourceTree = "<group>"; };
		184F6FA72693852400F5769E /* SearchBarCell.xib */ = {isa = PBXFileReference; lastKnownFileType = file.xib; path = SearchBarCell.xib; sourceTree = "<group>"; };
		18585D902696BD250066B464 /* SearchDetailsCell.swift */ = {isa = PBXFileReference; lastKnownFileType = sourcecode.swift; path = SearchDetailsCell.swift; sourceTree = "<group>"; };
		18585D912696BD250066B464 /* SearchDetailsCell.xib */ = {isa = PBXFileReference; lastKnownFileType = file.xib; path = SearchDetailsCell.xib; sourceTree = "<group>"; };
		18585D9C2696C3C50066B464 /* SearchDetailsModal.swift */ = {isa = PBXFileReference; lastKnownFileType = sourcecode.swift; path = SearchDetailsModal.swift; sourceTree = "<group>"; };
		18585DA12696CC590066B464 /* SearchDetailsController.swift */ = {isa = PBXFileReference; lastKnownFileType = sourcecode.swift; path = SearchDetailsController.swift; sourceTree = "<group>"; };
		1868806B26917FB6007A07BC /* ViewExtension.swift */ = {isa = PBXFileReference; lastKnownFileType = sourcecode.swift; path = ViewExtension.swift; sourceTree = "<group>"; };
		186BF5F2269867DB000729A4 /* CommonCell.swift */ = {isa = PBXFileReference; lastKnownFileType = sourcecode.swift; path = CommonCell.swift; sourceTree = "<group>"; };
		186BF5F3269867DB000729A4 /* CommonCell.xib */ = {isa = PBXFileReference; lastKnownFileType = file.xib; path = CommonCell.xib; sourceTree = "<group>"; };
		186BF5F7269867FC000729A4 /* DatePickerCell.swift */ = {isa = PBXFileReference; lastKnownFileType = sourcecode.swift; path = DatePickerCell.swift; sourceTree = "<group>"; };
		186BF5F8269867FC000729A4 /* DatePickerCell.xib */ = {isa = PBXFileReference; lastKnownFileType = file.xib; path = DatePickerCell.xib; sourceTree = "<group>"; };
		186BF5FC26986813000729A4 /* TimePickerCell.swift */ = {isa = PBXFileReference; lastKnownFileType = sourcecode.swift; path = TimePickerCell.swift; sourceTree = "<group>"; };
		186BF5FD26986813000729A4 /* TimePickerCell.xib */ = {isa = PBXFileReference; lastKnownFileType = file.xib; path = TimePickerCell.xib; sourceTree = "<group>"; };
		186BF60426986A3B000729A4 /* TopSoilSeedVC.swift */ = {isa = PBXFileReference; lastKnownFileType = sourcecode.swift; path = TopSoilSeedVC.swift; sourceTree = "<group>"; };
		186BF60C26988D70000729A4 /* TwoRadioButtonCell.swift */ = {isa = PBXFileReference; lastKnownFileType = sourcecode.swift; path = TwoRadioButtonCell.swift; sourceTree = "<group>"; };
		186BF60D26988D70000729A4 /* TwoRadioButtonCell.xib */ = {isa = PBXFileReference; lastKnownFileType = file.xib; path = TwoRadioButtonCell.xib; sourceTree = "<group>"; };
		186BF6112698913A000729A4 /* ThreeRadioButtonCell.swift */ = {isa = PBXFileReference; lastKnownFileType = sourcecode.swift; path = ThreeRadioButtonCell.swift; sourceTree = "<group>"; };
		186BF6122698913A000729A4 /* ThreeRadioButtonCell.xib */ = {isa = PBXFileReference; lastKnownFileType = file.xib; path = ThreeRadioButtonCell.xib; sourceTree = "<group>"; };
		186BF61626989460000729A4 /* AttachmentCell.swift */ = {isa = PBXFileReference; lastKnownFileType = sourcecode.swift; path = AttachmentCell.swift; sourceTree = "<group>"; };
		186BF61726989460000729A4 /* AttachmentCell.xib */ = {isa = PBXFileReference; lastKnownFileType = file.xib; path = AttachmentCell.xib; sourceTree = "<group>"; };
		186BF61B26989A01000729A4 /* SubmitCell.swift */ = {isa = PBXFileReference; lastKnownFileType = sourcecode.swift; path = SubmitCell.swift; sourceTree = "<group>"; };
		186BF61C26989A01000729A4 /* SubmitCell.xib */ = {isa = PBXFileReference; lastKnownFileType = file.xib; path = SubmitCell.xib; sourceTree = "<group>"; };
		186BF62026989BC6000729A4 /* CheckBoxCell.swift */ = {isa = PBXFileReference; lastKnownFileType = sourcecode.swift; path = CheckBoxCell.swift; sourceTree = "<group>"; };
		186BF62126989BC6000729A4 /* CheckBoxCell.xib */ = {isa = PBXFileReference; lastKnownFileType = file.xib; path = CheckBoxCell.xib; sourceTree = "<group>"; };
		186BF6282699E4D7000729A4 /* PoliceBackupVC.swift */ = {isa = PBXFileReference; lastKnownFileType = sourcecode.swift; path = PoliceBackupVC.swift; sourceTree = "<group>"; };
		186BF62E2699FBD0000729A4 /* Constant.swift */ = {isa = PBXFileReference; lastKnownFileType = sourcecode.swift; path = Constant.swift; sourceTree = "<group>"; };
		186BF6312699FBFE000729A4 /* TopSoilSeedModal.swift */ = {isa = PBXFileReference; lastKnownFileType = sourcecode.swift; path = TopSoilSeedModal.swift; sourceTree = "<group>"; };
		18827E504A7CED593A03F9A7 /* Pods-Deacon.debug.xcconfig */ = {isa = PBXFileReference; includeInIndex = 1; lastKnownFileType = text.xcconfig; name = "Pods-Deacon.debug.xcconfig"; path = "Target Support Files/Pods-Deacon/Pods-Deacon.debug.xcconfig"; sourceTree = "<group>"; };
		1885EDF82695F7B0008C82EB /* Utility.swift */ = {isa = PBXFileReference; lastKnownFileType = sourcecode.swift; path = Utility.swift; sourceTree = "<group>"; };
		1885EDFF269603D0008C82EB /* Modal.swift */ = {isa = PBXFileReference; lastKnownFileType = sourcecode.swift; path = Modal.swift; sourceTree = "<group>"; };
		189EA7F726909F0D0050BDA7 /* Deacon.app */ = {isa = PBXFileReference; explicitFileType = wrapper.application; includeInIndex = 0; path = Deacon.app; sourceTree = BUILT_PRODUCTS_DIR; };
		189EA7FA26909F0D0050BDA7 /* AppDelegate.swift */ = {isa = PBXFileReference; lastKnownFileType = sourcecode.swift; path = AppDelegate.swift; sourceTree = "<group>"; };
		189EA7FC26909F0D0050BDA7 /* SceneDelegate.swift */ = {isa = PBXFileReference; lastKnownFileType = sourcecode.swift; path = SceneDelegate.swift; sourceTree = "<group>"; };
		189EA80126909F0D0050BDA7 /* Base */ = {isa = PBXFileReference; lastKnownFileType = file.storyboard; name = Base; path = Base.lproj/Main.storyboard; sourceTree = "<group>"; };
		189EA80426909F0D0050BDA7 /* Deacon.xcdatamodel */ = {isa = PBXFileReference; lastKnownFileType = wrapper.xcdatamodel; path = Deacon.xcdatamodel; sourceTree = "<group>"; };
		189EA80626909F0E0050BDA7 /* Assets.xcassets */ = {isa = PBXFileReference; lastKnownFileType = folder.assetcatalog; path = Assets.xcassets; sourceTree = "<group>"; };
		189EA80926909F0E0050BDA7 /* Base */ = {isa = PBXFileReference; lastKnownFileType = file.storyboard; name = Base; path = Base.lproj/LaunchScreen.storyboard; sourceTree = "<group>"; };
		189EA80B26909F0E0050BDA7 /* Info.plist */ = {isa = PBXFileReference; lastKnownFileType = text.plist.xml; path = Info.plist; sourceTree = "<group>"; };
		189EA81326909F890050BDA7 /* HomePageVC.swift */ = {isa = PBXFileReference; lastKnownFileType = sourcecode.swift; path = HomePageVC.swift; sourceTree = "<group>"; };
		189EA81E2690A30E0050BDA7 /* ViewControllerFactory.swift */ = {isa = PBXFileReference; lastKnownFileType = sourcecode.swift; path = ViewControllerFactory.swift; sourceTree = "<group>"; };
		189EA8232690A38C0050BDA7 /* Router.swift */ = {isa = PBXFileReference; lastKnownFileType = sourcecode.swift; path = Router.swift; sourceTree = "<group>"; };
		189EA8472690AE9B0050BDA7 /* ButtonExtension.swift */ = {isa = PBXFileReference; lastKnownFileType = sourcecode.swift; path = ButtonExtension.swift; sourceTree = "<group>"; };
		189EA84F2690AF900050BDA7 /* OtherExtension.swift */ = {isa = PBXFileReference; lastKnownFileType = sourcecode.swift; path = OtherExtension.swift; sourceTree = "<group>"; };
		189EA8522690B0890050BDA7 /* DependencyVC.swift */ = {isa = PBXFileReference; lastKnownFileType = sourcecode.swift; path = DependencyVC.swift; sourceTree = "<group>"; };
		18C9C7CB26940C55003B6C95 /* Apimanager.swift */ = {isa = PBXFileReference; lastKnownFileType = sourcecode.swift; path = Apimanager.swift; sourceTree = "<group>"; };
		18C9C7D52694168C003B6C95 /* ApiName.swift */ = {isa = PBXFileReference; lastKnownFileType = sourcecode.swift; path = ApiName.swift; sourceTree = "<group>"; };
		18CB7613269C55B500DB5E33 /* UItextFeildExtension.swift */ = {isa = PBXFileReference; lastKnownFileType = sourcecode.swift; path = UItextFeildExtension.swift; sourceTree = "<group>"; };
		18CB7616269C657700DB5E33 /* ImagePickerManager.swift */ = {isa = PBXFileReference; lastKnownFileType = sourcecode.swift; path = ImagePickerManager.swift; sourceTree = "<group>"; };
		2807A459269B00A20013B4A9 /* AppColor.swift */ = {isa = PBXFileReference; lastKnownFileType = sourcecode.swift; path = AppColor.swift; sourceTree = "<group>"; };
		2807A45D269B0A170013B4A9 /* TwwValveContractVC.swift */ = {isa = PBXFileReference; lastKnownFileType = sourcecode.swift; path = TwwValveContractVC.swift; sourceTree = "<group>"; };
		282407B8269B212F0066AEED /* PVRadioButtonView.swift */ = {isa = PBXFileReference; fileEncoding = 4; lastKnownFileType = sourcecode.swift; path = PVRadioButtonView.swift; sourceTree = "<group>"; };
		282407BA269B212F0066AEED /* PVRadioButton.swift */ = {isa = PBXFileReference; fileEncoding = 4; lastKnownFileType = sourcecode.swift; path = PVRadioButton.swift; sourceTree = "<group>"; };
		282407BB269B212F0066AEED /* PVRadioButtonGroup.swift */ = {isa = PBXFileReference; fileEncoding = 4; lastKnownFileType = sourcecode.swift; path = PVRadioButtonGroup.swift; sourceTree = "<group>"; };
		282407C1269B256D0066AEED /* ServiceLineReportVC.swift */ = {isa = PBXFileReference; lastKnownFileType = sourcecode.swift; path = ServiceLineReportVC.swift; sourceTree = "<group>"; };
		282407C5269B25930066AEED /* ServiceLineReportModel.swift */ = {isa = PBXFileReference; lastKnownFileType = sourcecode.swift; path = ServiceLineReportModel.swift; sourceTree = "<group>"; };
		282407C9269B25C10066AEED /* TwwValveContractModel.swift */ = {isa = PBXFileReference; lastKnownFileType = sourcecode.swift; path = TwwValveContractModel.swift; sourceTree = "<group>"; };
		282407CE269B3BCB0066AEED /* SixRadioButtonCell.swift */ = {isa = PBXFileReference; lastKnownFileType = sourcecode.swift; path = SixRadioButtonCell.swift; sourceTree = "<group>"; };
		282407CF269B3BCB0066AEED /* SixRadioButtonCell.xib */ = {isa = PBXFileReference; lastKnownFileType = file.xib; path = SixRadioButtonCell.xib; sourceTree = "<group>"; };
		286F86D4269D9C9D0079C7C9 /* FourRadioButtonCell.swift */ = {isa = PBXFileReference; fileEncoding = 4; lastKnownFileType = sourcecode.swift; path = FourRadioButtonCell.swift; sourceTree = "<group>"; };
		286F86D5269D9C9D0079C7C9 /* FourRadioButtonCell.xib */ = {isa = PBXFileReference; fileEncoding = 4; lastKnownFileType = file.xib; path = FourRadioButtonCell.xib; sourceTree = "<group>"; };
		286F86D8269D9CEB0079C7C9 /* FiveRadioButtonCell.swift */ = {isa = PBXFileReference; fileEncoding = 4; lastKnownFileType = sourcecode.swift; path = FiveRadioButtonCell.swift; sourceTree = "<group>"; };
		286F86D9269D9CEB0079C7C9 /* FiveRadioButtonCell.xib */ = {isa = PBXFileReference; fileEncoding = 4; lastKnownFileType = file.xib; path = FiveRadioButtonCell.xib; sourceTree = "<group>"; };
		286F86DC269D9DD80079C7C9 /* NextCell.swift */ = {isa = PBXFileReference; fileEncoding = 4; lastKnownFileType = sourcecode.swift; path = NextCell.swift; sourceTree = "<group>"; };
		286F86DD269D9DD80079C7C9 /* NextCell.xib */ = {isa = PBXFileReference; fileEncoding = 4; lastKnownFileType = file.xib; path = NextCell.xib; sourceTree = "<group>"; };
		28A0831C269C26A100EF63BF /* ThankYouVC.swift */ = {isa = PBXFileReference; lastKnownFileType = sourcecode.swift; path = ThankYouVC.swift; sourceTree = "<group>"; };
		28A08320269C275200EF63BF /* ThankYouModel.swift */ = {isa = PBXFileReference; lastKnownFileType = sourcecode.swift; path = ThankYouModel.swift; sourceTree = "<group>"; };
		28F035EE269AEEF90014C600 /* ModuleCollectionViewCell.xib */ = {isa = PBXFileReference; fileEncoding = 4; lastKnownFileType = file.xib; path = ModuleCollectionViewCell.xib; sourceTree = "<group>"; };
		28F035EF269AEEF90014C600 /* ModuleCollectionViewCell.swift */ = {isa = PBXFileReference; fileEncoding = 4; lastKnownFileType = sourcecode.swift; path = ModuleCollectionViewCell.swift; sourceTree = "<group>"; };
		28F035F3269AF0160014C600 /* HomeModel.swift */ = {isa = PBXFileReference; lastKnownFileType = sourcecode.swift; path = HomeModel.swift; sourceTree = "<group>"; };
		5A99797A10A9B02318E8A44B /* Pods-Deacon.release.xcconfig */ = {isa = PBXFileReference; includeInIndex = 1; lastKnownFileType = text.xcconfig; name = "Pods-Deacon.release.xcconfig"; path = "Target Support Files/Pods-Deacon/Pods-Deacon.release.xcconfig"; sourceTree = "<group>"; };
		C18C1A8313A460030B5097D6 /* Pods_Deacon.framework */ = {isa = PBXFileReference; explicitFileType = wrapper.framework; includeInIndex = 0; path = Pods_Deacon.framework; sourceTree = BUILT_PRODUCTS_DIR; };
/* End PBXFileReference section */

/* Begin PBXFrameworksBuildPhase section */
		189EA7F426909F0D0050BDA7 /* Frameworks */ = {
			isa = PBXFrameworksBuildPhase;
			buildActionMask = 2147483647;
			files = (
				8B60350738CA860B0176AFF9 /* Pods_Deacon.framework in Frameworks */,
			);
			runOnlyForDeploymentPostprocessing = 0;
		};
/* End PBXFrameworksBuildPhase section */

/* Begin PBXGroup section */
		0C4722CBC4F633DFE6B5D9AE /* Frameworks */ = {
			isa = PBXGroup;
			children = (
				C18C1A8313A460030B5097D6 /* Pods_Deacon.framework */,
			);
			name = Frameworks;
			sourceTree = "<group>";
		};
		184F6F9C2693835700F5769E /* SearchViewController */ = {
			isa = PBXGroup;
			children = (
				1885EDFB2696037B008C82EB /* Modal */,
				18585D9A2696C37D0066B464 /* View */,
				1885EDFD2696039F008C82EB /* Controller */,
			);
			path = SearchViewController;
			sourceTree = "<group>";
		};
		18585D952696C2CB0066B464 /* Controller */ = {
			isa = PBXGroup;
			children = (
				18585DA12696CC590066B464 /* SearchDetailsController.swift */,
			);
			path = Controller;
			sourceTree = "<group>";
		};
		18585D962696C3210066B464 /* View */ = {
			isa = PBXGroup;
			children = (
				18585D912696BD250066B464 /* SearchDetailsCell.xib */,
				18585D902696BD250066B464 /* SearchDetailsCell.swift */,
			);
			path = View;
			sourceTree = "<group>";
		};
		18585D992696C33D0066B464 /* Modal */ = {
			isa = PBXGroup;
			children = (
				18585D9C2696C3C50066B464 /* SearchDetailsModal.swift */,
			);
			path = Modal;
			sourceTree = "<group>";
		};
		18585D9A2696C37D0066B464 /* View */ = {
			isa = PBXGroup;
			children = (
				184F6FA72693852400F5769E /* SearchBarCell.xib */,
				184F6FA2269384AC00F5769E /* SearchBarController.xib */,
				184F6FA62693852400F5769E /* SearchBarCell.swift */,
			);
			path = View;
			sourceTree = "<group>";
		};
		186BF5EF269866C1000729A4 /* View */ = {
			isa = PBXGroup;
			children = (
				186BF5F2269867DB000729A4 /* CommonCell.swift */,
				186BF5F3269867DB000729A4 /* CommonCell.xib */,
				186BF5F7269867FC000729A4 /* DatePickerCell.swift */,
				186BF5F8269867FC000729A4 /* DatePickerCell.xib */,
				186BF5FC26986813000729A4 /* TimePickerCell.swift */,
				186BF5FD26986813000729A4 /* TimePickerCell.xib */,
				186BF60C26988D70000729A4 /* TwoRadioButtonCell.swift */,
				186BF60D26988D70000729A4 /* TwoRadioButtonCell.xib */,
				186BF6112698913A000729A4 /* ThreeRadioButtonCell.swift */,
				186BF6122698913A000729A4 /* ThreeRadioButtonCell.xib */,
				186BF61626989460000729A4 /* AttachmentCell.swift */,
				186BF61726989460000729A4 /* AttachmentCell.xib */,
				186BF61B26989A01000729A4 /* SubmitCell.swift */,
				186BF61C26989A01000729A4 /* SubmitCell.xib */,
				186BF62026989BC6000729A4 /* CheckBoxCell.swift */,
				186BF62126989BC6000729A4 /* CheckBoxCell.xib */,
				282407CE269B3BCB0066AEED /* SixRadioButtonCell.swift */,
				282407CF269B3BCB0066AEED /* SixRadioButtonCell.xib */,
				286F86D4269D9C9D0079C7C9 /* FourRadioButtonCell.swift */,
				286F86D5269D9C9D0079C7C9 /* FourRadioButtonCell.xib */,
				286F86D8269D9CEB0079C7C9 /* FiveRadioButtonCell.swift */,
				286F86D9269D9CEB0079C7C9 /* FiveRadioButtonCell.xib */,
				286F86DC269D9DD80079C7C9 /* NextCell.swift */,
				286F86DD269D9DD80079C7C9 /* NextCell.xib */,
			);
			path = View;
			sourceTree = "<group>";
		};
		186BF5F0269866E2000729A4 /* TopSoilSeed */ = {
			isa = PBXGroup;
			children = (
				186BF6022698696F000729A4 /* Modal */,
				186BF60126986960000729A4 /* ViewController */,
				186BF5EF269866C1000729A4 /* View */,
			);
			path = TopSoilSeed;
			sourceTree = "<group>";
		};
		186BF60126986960000729A4 /* ViewController */ = {
			isa = PBXGroup;
			children = (
				186BF60426986A3B000729A4 /* TopSoilSeedVC.swift */,
			);
			path = ViewController;
			sourceTree = "<group>";
		};
		186BF6022698696F000729A4 /* Modal */ = {
			isa = PBXGroup;
			children = (
				186BF6312699FBFE000729A4 /* TopSoilSeedModal.swift */,
			);
			path = Modal;
			sourceTree = "<group>";
		};
		186BF6262699E420000729A4 /* PoliceBackup */ = {
			isa = PBXGroup;
			children = (
				186BF6272699E434000729A4 /* ViewController */,
			);
			path = PoliceBackup;
			sourceTree = "<group>";
		};
		186BF6272699E434000729A4 /* ViewController */ = {
			isa = PBXGroup;
			children = (
				186BF6282699E4D7000729A4 /* PoliceBackupVC.swift */,
			);
			path = ViewController;
			sourceTree = "<group>";
		};
		1885EDF62695F78E008C82EB /* Constant */ = {
			isa = PBXGroup;
			children = (
				186BF62E2699FBD0000729A4 /* Constant.swift */,
			);
			path = Constant;
			sourceTree = "<group>";
		};
		1885EDF72695F799008C82EB /* Utility */ = {
			isa = PBXGroup;
			children = (
				1885EDF82695F7B0008C82EB /* Utility.swift */,
			);
			path = Utility;
			sourceTree = "<group>";
		};
		1885EDFB2696037B008C82EB /* Modal */ = {
			isa = PBXGroup;
			children = (
				1885EDFF269603D0008C82EB /* Modal.swift */,
			);
			path = Modal;
			sourceTree = "<group>";
		};
		1885EDFD2696039F008C82EB /* Controller */ = {
			isa = PBXGroup;
			children = (
				184F6FA1269384AC00F5769E /* SearchBarController.swift */,
			);
			path = Controller;
			sourceTree = "<group>";
		};
		189EA7EE26909F0D0050BDA7 = {
			isa = PBXGroup;
			children = (
				189EA7F926909F0D0050BDA7 /* Deacon */,
				189EA7F826909F0D0050BDA7 /* Products */,
				834CCF89AAB9BE10140F787B /* Pods */,
				0C4722CBC4F633DFE6B5D9AE /* Frameworks */,
			);
			sourceTree = "<group>";
		};
		189EA7F826909F0D0050BDA7 /* Products */ = {
			isa = PBXGroup;
			children = (
				189EA7F726909F0D0050BDA7 /* Deacon.app */,
			);
			name = Products;
			sourceTree = "<group>";
		};
		189EA7F926909F0D0050BDA7 /* Deacon */ = {
			isa = PBXGroup;
			children = (
				2807A458269B008B0013B4A9 /* Colors */,
				1885EDF72695F799008C82EB /* Utility */,
				1885EDF62695F78E008C82EB /* Constant */,
				18C9C7CA26940C3B003B6C95 /* Manager */,
				189EA8222690A3770050BDA7 /* Router */,
				189EA81C2690A2CE0050BDA7 /* Factory */,
				189EA81B2690A0970050BDA7 /* Extensions */,
				189EA81226909F2F0050BDA7 /* ViewController */,
				189EA81726909FAA0050BDA7 /* AppDelegate */,
				282407B5269B211F0066AEED /* SupportingClasses */,
				189EA80026909F0D0050BDA7 /* Main.storyboard */,
				189EA80626909F0E0050BDA7 /* Assets.xcassets */,
				189EA80826909F0E0050BDA7 /* LaunchScreen.storyboard */,
				189EA80B26909F0E0050BDA7 /* Info.plist */,
				189EA80326909F0D0050BDA7 /* Deacon.xcdatamodeld */,
			);
			path = Deacon;
			sourceTree = "<group>";
		};
		189EA81226909F2F0050BDA7 /* ViewController */ = {
			isa = PBXGroup;
			children = (
				28A0831F269C273900EF63BF /* Model */,
				28A0831E269C273500EF63BF /* View */,
				28A0831B269C268500EF63BF /* Controller */,
				282407BF269B25540066AEED /* ServiceLineReport */,
				2807A45B269B09FE0013B4A9 /* TwwValveContract */,
				186BF6262699E420000729A4 /* PoliceBackup */,
				186BF5F0269866E2000729A4 /* TopSoilSeed */,
				184F6F9C2693835700F5769E /* SearchViewController */,
				189EA8572690B2EB0050BDA7 /* SearchDetailsVC */,
				189EA8562690B2D30050BDA7 /* HomePageVC */,
			);
			path = ViewController;
			sourceTree = "<group>";
		};
		189EA81726909FAA0050BDA7 /* AppDelegate */ = {
			isa = PBXGroup;
			children = (
				189EA7FA26909F0D0050BDA7 /* AppDelegate.swift */,
				189EA7FC26909F0D0050BDA7 /* SceneDelegate.swift */,
			);
			path = AppDelegate;
			sourceTree = "<group>";
		};
		189EA81B2690A0970050BDA7 /* Extensions */ = {
			isa = PBXGroup;
			children = (
				189EA8472690AE9B0050BDA7 /* ButtonExtension.swift */,
				189EA84F2690AF900050BDA7 /* OtherExtension.swift */,
				1868806B26917FB6007A07BC /* ViewExtension.swift */,
				18CB7613269C55B500DB5E33 /* UItextFeildExtension.swift */,
			);
			path = Extensions;
			sourceTree = "<group>";
		};
		189EA81C2690A2CE0050BDA7 /* Factory */ = {
			isa = PBXGroup;
			children = (
				189EA81D2690A2E90050BDA7 /* Protocols */,
				189EA8522690B0890050BDA7 /* DependencyVC.swift */,
			);
			path = Factory;
			sourceTree = "<group>";
		};
		189EA81D2690A2E90050BDA7 /* Protocols */ = {
			isa = PBXGroup;
			children = (
				189EA81E2690A30E0050BDA7 /* ViewControllerFactory.swift */,
			);
			path = Protocols;
			sourceTree = "<group>";
		};
		189EA8222690A3770050BDA7 /* Router */ = {
			isa = PBXGroup;
			children = (
				189EA8232690A38C0050BDA7 /* Router.swift */,
			);
			path = Router;
			sourceTree = "<group>";
		};
		189EA8562690B2D30050BDA7 /* HomePageVC */ = {
			isa = PBXGroup;
			children = (
				28F035F2269AEFCD0014C600 /* Model */,
				28F035ED269AEEF90014C600 /* View */,
				28F035F5269AF02B0014C600 /* Controller */,
			);
			path = HomePageVC;
			sourceTree = "<group>";
		};
		189EA8572690B2EB0050BDA7 /* SearchDetailsVC */ = {
			isa = PBXGroup;
			children = (
				18585D992696C33D0066B464 /* Modal */,
				18585D952696C2CB0066B464 /* Controller */,
				18585D962696C3210066B464 /* View */,
			);
			path = SearchDetailsVC;
			sourceTree = "<group>";
		};
		18C9C7CA26940C3B003B6C95 /* Manager */ = {
			isa = PBXGroup;
			children = (
				18C9C7CB26940C55003B6C95 /* Apimanager.swift */,
				18C9C7D52694168C003B6C95 /* ApiName.swift */,
				18CB7616269C657700DB5E33 /* ImagePickerManager.swift */,
			);
			path = Manager;
			sourceTree = "<group>";
		};
		2807A458269B008B0013B4A9 /* Colors */ = {
			isa = PBXGroup;
			children = (
				2807A459269B00A20013B4A9 /* AppColor.swift */,
			);
			path = Colors;
			sourceTree = "<group>";
		};
		2807A45B269B09FE0013B4A9 /* TwwValveContract */ = {
			isa = PBXGroup;
			children = (
				282407C8269B25A30066AEED /* View */,
				282407C3269B25740066AEED /* Model */,
				2807A45C269B0A0A0013B4A9 /* Controller */,
			);
			path = TwwValveContract;
			sourceTree = "<group>";
		};
		2807A45C269B0A0A0013B4A9 /* Controller */ = {
			isa = PBXGroup;
			children = (
				2807A45D269B0A170013B4A9 /* TwwValveContractVC.swift */,
			);
			path = Controller;
			sourceTree = "<group>";
		};
		282407B5269B211F0066AEED /* SupportingClasses */ = {
			isa = PBXGroup;
			children = (
				282407B6269B212F0066AEED /* PVRadioButton */,
			);
			path = SupportingClasses;
			sourceTree = "<group>";
		};
		282407B6269B212F0066AEED /* PVRadioButton */ = {
			isa = PBXGroup;
			children = (
				282407B7269B212F0066AEED /* RadioButtonWithScroll */,
				282407B9269B212F0066AEED /* RadioButtonWithGroup */,
			);
			path = PVRadioButton;
			sourceTree = "<group>";
		};
		282407B7269B212F0066AEED /* RadioButtonWithScroll */ = {
			isa = PBXGroup;
			children = (
				282407B8269B212F0066AEED /* PVRadioButtonView.swift */,
			);
			path = RadioButtonWithScroll;
			sourceTree = "<group>";
		};
		282407B9269B212F0066AEED /* RadioButtonWithGroup */ = {
			isa = PBXGroup;
			children = (
				282407BA269B212F0066AEED /* PVRadioButton.swift */,
				282407BB269B212F0066AEED /* PVRadioButtonGroup.swift */,
			);
			path = RadioButtonWithGroup;
			sourceTree = "<group>";
		};
		282407BF269B25540066AEED /* ServiceLineReport */ = {
			isa = PBXGroup;
			children = (
				282407C7269B25980066AEED /* View */,
				282407C4269B257F0066AEED /* Model */,
				282407C0269B255A0066AEED /* Controller */,
			);
			path = ServiceLineReport;
			sourceTree = "<group>";
		};
		282407C0269B255A0066AEED /* Controller */ = {
			isa = PBXGroup;
			children = (
				282407C1269B256D0066AEED /* ServiceLineReportVC.swift */,
			);
			path = Controller;
			sourceTree = "<group>";
		};
		282407C3269B25740066AEED /* Model */ = {
			isa = PBXGroup;
			children = (
				282407C9269B25C10066AEED /* TwwValveContractModel.swift */,
			);
			path = Model;
			sourceTree = "<group>";
		};
		282407C4269B257F0066AEED /* Model */ = {
			isa = PBXGroup;
			children = (
				282407C5269B25930066AEED /* ServiceLineReportModel.swift */,
			);
			path = Model;
			sourceTree = "<group>";
		};
		282407C7269B25980066AEED /* View */ = {
			isa = PBXGroup;
			children = (
			);
			path = View;
			sourceTree = "<group>";
		};
		282407C8269B25A30066AEED /* View */ = {
			isa = PBXGroup;
			children = (
			);
			path = View;
			sourceTree = "<group>";
		};
		28A0831B269C268500EF63BF /* Controller */ = {
			isa = PBXGroup;
			children = (
				28A0831C269C26A100EF63BF /* ThankYouVC.swift */,
			);
			path = Controller;
			sourceTree = "<group>";
		};
		28A0831E269C273500EF63BF /* View */ = {
			isa = PBXGroup;
			children = (
			);
			path = View;
			sourceTree = "<group>";
		};
		28A0831F269C273900EF63BF /* Model */ = {
			isa = PBXGroup;
			children = (
				28A08320269C275200EF63BF /* ThankYouModel.swift */,
			);
			path = Model;
			sourceTree = "<group>";
		};
		28F035ED269AEEF90014C600 /* View */ = {
			isa = PBXGroup;
			children = (
				28F035EE269AEEF90014C600 /* ModuleCollectionViewCell.xib */,
				28F035EF269AEEF90014C600 /* ModuleCollectionViewCell.swift */,
			);
			path = View;
			sourceTree = "<group>";
		};
		28F035F2269AEFCD0014C600 /* Model */ = {
			isa = PBXGroup;
			children = (
				28F035F3269AF0160014C600 /* HomeModel.swift */,
			);
			path = Model;
			sourceTree = "<group>";
		};
		28F035F5269AF02B0014C600 /* Controller */ = {
			isa = PBXGroup;
			children = (
				189EA81326909F890050BDA7 /* HomePageVC.swift */,
			);
			path = Controller;
			sourceTree = "<group>";
		};
		834CCF89AAB9BE10140F787B /* Pods */ = {
			isa = PBXGroup;
			children = (
				18827E504A7CED593A03F9A7 /* Pods-Deacon.debug.xcconfig */,
				5A99797A10A9B02318E8A44B /* Pods-Deacon.release.xcconfig */,
			);
			path = Pods;
			sourceTree = "<group>";
		};
/* End PBXGroup section */

/* Begin PBXNativeTarget section */
		189EA7F626909F0D0050BDA7 /* Deacon */ = {
			isa = PBXNativeTarget;
			buildConfigurationList = 189EA80E26909F0E0050BDA7 /* Build configuration list for PBXNativeTarget "Deacon" */;
			buildPhases = (
				5D873D5A37057C24F2694A34 /* [CP] Check Pods Manifest.lock */,
				189EA7F326909F0D0050BDA7 /* Sources */,
				189EA7F426909F0D0050BDA7 /* Frameworks */,
				189EA7F526909F0D0050BDA7 /* Resources */,
				662929DC3BD5DBEB9474F097 /* [CP] Embed Pods Frameworks */,
			);
			buildRules = (
			);
			dependencies = (
			);
			name = Deacon;
			productName = Deacon;
			productReference = 189EA7F726909F0D0050BDA7 /* Deacon.app */;
			productType = "com.apple.product-type.application";
		};
/* End PBXNativeTarget section */

/* Begin PBXProject section */
		189EA7EF26909F0D0050BDA7 /* Project object */ = {
			isa = PBXProject;
			attributes = {
				LastSwiftUpdateCheck = 1230;
				LastUpgradeCheck = 1230;
				TargetAttributes = {
					189EA7F626909F0D0050BDA7 = {
						CreatedOnToolsVersion = 12.3;
					};
				};
			};
			buildConfigurationList = 189EA7F226909F0D0050BDA7 /* Build configuration list for PBXProject "Deacon" */;
			compatibilityVersion = "Xcode 9.3";
			developmentRegion = en;
			hasScannedForEncodings = 0;
			knownRegions = (
				en,
				Base,
			);
			mainGroup = 189EA7EE26909F0D0050BDA7;
			productRefGroup = 189EA7F826909F0D0050BDA7 /* Products */;
			projectDirPath = "";
			projectRoot = "";
			targets = (
				189EA7F626909F0D0050BDA7 /* Deacon */,
			);
		};
/* End PBXProject section */

/* Begin PBXResourcesBuildPhase section */
		189EA7F526909F0D0050BDA7 /* Resources */ = {
			isa = PBXResourcesBuildPhase;
			buildActionMask = 2147483647;
			files = (
				186BF5FF26986813000729A4 /* TimePickerCell.xib in Resources */,
				286F86D7269D9C9D0079C7C9 /* FourRadioButtonCell.xib in Resources */,
				189EA80A26909F0E0050BDA7 /* LaunchScreen.storyboard in Resources */,
				189EA80726909F0E0050BDA7 /* Assets.xcassets in Resources */,
				18585D932696BD250066B464 /* SearchDetailsCell.xib in Resources */,
				189EA80226909F0D0050BDA7 /* Main.storyboard in Resources */,
				184F6FA92693852400F5769E /* SearchBarCell.xib in Resources */,
				282407D1269B3BCB0066AEED /* SixRadioButtonCell.xib in Resources */,
				186BF5F5269867DB000729A4 /* CommonCell.xib in Resources */,
				28F035F0269AEEF90014C600 /* ModuleCollectionViewCell.xib in Resources */,
				186BF61E26989A01000729A4 /* SubmitCell.xib in Resources */,
				186BF6142698913A000729A4 /* ThreeRadioButtonCell.xib in Resources */,
				186BF61926989460000729A4 /* AttachmentCell.xib in Resources */,
				186BF62326989BC6000729A4 /* CheckBoxCell.xib in Resources */,
				184F6FA4269384AC00F5769E /* SearchBarController.xib in Resources */,
				286F86DF269D9DD80079C7C9 /* NextCell.xib in Resources */,
				286F86DB269D9CEB0079C7C9 /* FiveRadioButtonCell.xib in Resources */,
				186BF60F26988D70000729A4 /* TwoRadioButtonCell.xib in Resources */,
				186BF5FA269867FC000729A4 /* DatePickerCell.xib in Resources */,
			);
			runOnlyForDeploymentPostprocessing = 0;
		};
/* End PBXResourcesBuildPhase section */

/* Begin PBXShellScriptBuildPhase section */
		5D873D5A37057C24F2694A34 /* [CP] Check Pods Manifest.lock */ = {
			isa = PBXShellScriptBuildPhase;
			buildActionMask = 2147483647;
			files = (
			);
			inputFileListPaths = (
			);
			inputPaths = (
				"${PODS_PODFILE_DIR_PATH}/Podfile.lock",
				"${PODS_ROOT}/Manifest.lock",
			);
			name = "[CP] Check Pods Manifest.lock";
			outputFileListPaths = (
			);
			outputPaths = (
				"$(DERIVED_FILE_DIR)/Pods-Deacon-checkManifestLockResult.txt",
			);
			runOnlyForDeploymentPostprocessing = 0;
			shellPath = /bin/sh;
			shellScript = "diff \"${PODS_PODFILE_DIR_PATH}/Podfile.lock\" \"${PODS_ROOT}/Manifest.lock\" > /dev/null\nif [ $? != 0 ] ; then\n    # print error to STDERR\n    echo \"error: The sandbox is not in sync with the Podfile.lock. Run 'pod install' or update your CocoaPods installation.\" >&2\n    exit 1\nfi\n# This output is used by Xcode 'outputs' to avoid re-running this script phase.\necho \"SUCCESS\" > \"${SCRIPT_OUTPUT_FILE_0}\"\n";
			showEnvVarsInLog = 0;
		};
		662929DC3BD5DBEB9474F097 /* [CP] Embed Pods Frameworks */ = {
			isa = PBXShellScriptBuildPhase;
			buildActionMask = 2147483647;
			files = (
			);
			inputFileListPaths = (
				"${PODS_ROOT}/Target Support Files/Pods-Deacon/Pods-Deacon-frameworks-${CONFIGURATION}-input-files.xcfilelist",
			);
			name = "[CP] Embed Pods Frameworks";
			outputFileListPaths = (
				"${PODS_ROOT}/Target Support Files/Pods-Deacon/Pods-Deacon-frameworks-${CONFIGURATION}-output-files.xcfilelist",
			);
			runOnlyForDeploymentPostprocessing = 0;
			shellPath = /bin/sh;
			shellScript = "\"${PODS_ROOT}/Target Support Files/Pods-Deacon/Pods-Deacon-frameworks.sh\"\n";
			showEnvVarsInLog = 0;
		};
/* End PBXShellScriptBuildPhase section */

/* Begin PBXSourcesBuildPhase section */
		189EA7F326909F0D0050BDA7 /* Sources */ = {
			isa = PBXSourcesBuildPhase;
			buildActionMask = 2147483647;
			files = (
				18CB7614269C55B500DB5E33 /* UItextFeildExtension.swift in Sources */,
				186BF62226989BC6000729A4 /* CheckBoxCell.swift in Sources */,
				18C9C7CC26940C55003B6C95 /* Apimanager.swift in Sources */,
				282407D0269B3BCB0066AEED /* SixRadioButtonCell.swift in Sources */,
				28F035F4269AF0160014C600 /* HomeModel.swift in Sources */,
				2807A45E269B0A170013B4A9 /* TwwValveContractVC.swift in Sources */,
				186BF61D26989A01000729A4 /* SubmitCell.swift in Sources */,
				184F6FA82693852400F5769E /* SearchBarCell.swift in Sources */,
				186BF60526986A3B000729A4 /* TopSoilSeedVC.swift in Sources */,
				286F86DA269D9CEB0079C7C9 /* FiveRadioButtonCell.swift in Sources */,
				286F86D6269D9C9D0079C7C9 /* FourRadioButtonCell.swift in Sources */,
				189EA8532690B0890050BDA7 /* DependencyVC.swift in Sources */,
				28F035F1269AEEF90014C600 /* ModuleCollectionViewCell.swift in Sources */,
				18585D9D2696C3C50066B464 /* SearchDetailsModal.swift in Sources */,
				18585DA22696CC590066B464 /* SearchDetailsController.swift in Sources */,
				18C9C7D62694168C003B6C95 /* ApiName.swift in Sources */,
				186BF6132698913A000729A4 /* ThreeRadioButtonCell.swift in Sources */,
				282407C6269B25930066AEED /* ServiceLineReportModel.swift in Sources */,
				186BF6292699E4D7000729A4 /* PoliceBackupVC.swift in Sources */,
				189EA8482690AE9B0050BDA7 /* ButtonExtension.swift in Sources */,
				186BF60E26988D70000729A4 /* TwoRadioButtonCell.swift in Sources */,
				18585D922696BD250066B464 /* SearchDetailsCell.swift in Sources */,
				282407BD269B212F0066AEED /* PVRadioButton.swift in Sources */,
				186BF5F4269867DB000729A4 /* CommonCell.swift in Sources */,
				282407BC269B212F0066AEED /* PVRadioButtonView.swift in Sources */,
				28A0831D269C26A100EF63BF /* ThankYouVC.swift in Sources */,
				189EA81426909F890050BDA7 /* HomePageVC.swift in Sources */,
				189EA81F2690A30E0050BDA7 /* ViewControllerFactory.swift in Sources */,
				186BF62F2699FBD0000729A4 /* Constant.swift in Sources */,
				189EA80526909F0D0050BDA7 /* Deacon.xcdatamodeld in Sources */,
				282407C2269B256D0066AEED /* ServiceLineReportVC.swift in Sources */,
				1885EE00269603D0008C82EB /* Modal.swift in Sources */,
				186BF6322699FBFE000729A4 /* TopSoilSeedModal.swift in Sources */,
				28A08321269C275200EF63BF /* ThankYouModel.swift in Sources */,
				2807A45A269B00A20013B4A9 /* AppColor.swift in Sources */,
				286F86DE269D9DD80079C7C9 /* NextCell.swift in Sources */,
				18CB7617269C657700DB5E33 /* ImagePickerManager.swift in Sources */,
				1868806C26917FB6007A07BC /* ViewExtension.swift in Sources */,
				184F6FA3269384AC00F5769E /* SearchBarController.swift in Sources */,
				282407CA269B25C10066AEED /* TwwValveContractModel.swift in Sources */,
				189EA7FB26909F0D0050BDA7 /* AppDelegate.swift in Sources */,
				1885EDF92695F7B0008C82EB /* Utility.swift in Sources */,
				189EA8242690A38C0050BDA7 /* Router.swift in Sources */,
				189EA8502690AF900050BDA7 /* OtherExtension.swift in Sources */,
				186BF61826989460000729A4 /* AttachmentCell.swift in Sources */,
				189EA7FD26909F0D0050BDA7 /* SceneDelegate.swift in Sources */,
				282407BE269B212F0066AEED /* PVRadioButtonGroup.swift in Sources */,
				186BF5FE26986813000729A4 /* TimePickerCell.swift in Sources */,
				186BF5F9269867FC000729A4 /* DatePickerCell.swift in Sources */,
			);
			runOnlyForDeploymentPostprocessing = 0;
		};
/* End PBXSourcesBuildPhase section */

/* Begin PBXVariantGroup section */
		189EA80026909F0D0050BDA7 /* Main.storyboard */ = {
			isa = PBXVariantGroup;
			children = (
				189EA80126909F0D0050BDA7 /* Base */,
			);
			name = Main.storyboard;
			sourceTree = "<group>";
		};
		189EA80826909F0E0050BDA7 /* LaunchScreen.storyboard */ = {
			isa = PBXVariantGroup;
			children = (
				189EA80926909F0E0050BDA7 /* Base */,
			);
			name = LaunchScreen.storyboard;
			sourceTree = "<group>";
		};
/* End PBXVariantGroup section */

/* Begin XCBuildConfiguration section */
		189EA80C26909F0E0050BDA7 /* Debug */ = {
			isa = XCBuildConfiguration;
			buildSettings = {
				ALWAYS_SEARCH_USER_PATHS = NO;
				CLANG_ANALYZER_NONNULL = YES;
				CLANG_ANALYZER_NUMBER_OBJECT_CONVERSION = YES_AGGRESSIVE;
				CLANG_CXX_LANGUAGE_STANDARD = "gnu++14";
				CLANG_CXX_LIBRARY = "libc++";
				CLANG_ENABLE_MODULES = YES;
				CLANG_ENABLE_OBJC_ARC = YES;
				CLANG_ENABLE_OBJC_WEAK = YES;
				CLANG_WARN_BLOCK_CAPTURE_AUTORELEASING = YES;
				CLANG_WARN_BOOL_CONVERSION = YES;
				CLANG_WARN_COMMA = YES;
				CLANG_WARN_CONSTANT_CONVERSION = YES;
				CLANG_WARN_DEPRECATED_OBJC_IMPLEMENTATIONS = YES;
				CLANG_WARN_DIRECT_OBJC_ISA_USAGE = YES_ERROR;
				CLANG_WARN_DOCUMENTATION_COMMENTS = YES;
				CLANG_WARN_EMPTY_BODY = YES;
				CLANG_WARN_ENUM_CONVERSION = YES;
				CLANG_WARN_INFINITE_RECURSION = YES;
				CLANG_WARN_INT_CONVERSION = YES;
				CLANG_WARN_NON_LITERAL_NULL_CONVERSION = YES;
				CLANG_WARN_OBJC_IMPLICIT_RETAIN_SELF = YES;
				CLANG_WARN_OBJC_LITERAL_CONVERSION = YES;
				CLANG_WARN_OBJC_ROOT_CLASS = YES_ERROR;
				CLANG_WARN_QUOTED_INCLUDE_IN_FRAMEWORK_HEADER = YES;
				CLANG_WARN_RANGE_LOOP_ANALYSIS = YES;
				CLANG_WARN_STRICT_PROTOTYPES = YES;
				CLANG_WARN_SUSPICIOUS_MOVE = YES;
				CLANG_WARN_UNGUARDED_AVAILABILITY = YES_AGGRESSIVE;
				CLANG_WARN_UNREACHABLE_CODE = YES;
				CLANG_WARN__DUPLICATE_METHOD_MATCH = YES;
				COPY_PHASE_STRIP = NO;
				DEBUG_INFORMATION_FORMAT = dwarf;
				ENABLE_STRICT_OBJC_MSGSEND = YES;
				ENABLE_TESTABILITY = YES;
				GCC_C_LANGUAGE_STANDARD = gnu11;
				GCC_DYNAMIC_NO_PIC = NO;
				GCC_NO_COMMON_BLOCKS = YES;
				GCC_OPTIMIZATION_LEVEL = 0;
				GCC_PREPROCESSOR_DEFINITIONS = (
					"DEBUG=1",
					"$(inherited)",
				);
				GCC_WARN_64_TO_32_BIT_CONVERSION = YES;
				GCC_WARN_ABOUT_RETURN_TYPE = YES_ERROR;
				GCC_WARN_UNDECLARED_SELECTOR = YES;
				GCC_WARN_UNINITIALIZED_AUTOS = YES_AGGRESSIVE;
				GCC_WARN_UNUSED_FUNCTION = YES;
				GCC_WARN_UNUSED_VARIABLE = YES;
				IPHONEOS_DEPLOYMENT_TARGET = 14.3;
				MTL_ENABLE_DEBUG_INFO = INCLUDE_SOURCE;
				MTL_FAST_MATH = YES;
				ONLY_ACTIVE_ARCH = YES;
				SDKROOT = iphoneos;
				SWIFT_ACTIVE_COMPILATION_CONDITIONS = DEBUG;
				SWIFT_OPTIMIZATION_LEVEL = "-Onone";
			};
			name = Debug;
		};
		189EA80D26909F0E0050BDA7 /* Release */ = {
			isa = XCBuildConfiguration;
			buildSettings = {
				ALWAYS_SEARCH_USER_PATHS = NO;
				CLANG_ANALYZER_NONNULL = YES;
				CLANG_ANALYZER_NUMBER_OBJECT_CONVERSION = YES_AGGRESSIVE;
				CLANG_CXX_LANGUAGE_STANDARD = "gnu++14";
				CLANG_CXX_LIBRARY = "libc++";
				CLANG_ENABLE_MODULES = YES;
				CLANG_ENABLE_OBJC_ARC = YES;
				CLANG_ENABLE_OBJC_WEAK = YES;
				CLANG_WARN_BLOCK_CAPTURE_AUTORELEASING = YES;
				CLANG_WARN_BOOL_CONVERSION = YES;
				CLANG_WARN_COMMA = YES;
				CLANG_WARN_CONSTANT_CONVERSION = YES;
				CLANG_WARN_DEPRECATED_OBJC_IMPLEMENTATIONS = YES;
				CLANG_WARN_DIRECT_OBJC_ISA_USAGE = YES_ERROR;
				CLANG_WARN_DOCUMENTATION_COMMENTS = YES;
				CLANG_WARN_EMPTY_BODY = YES;
				CLANG_WARN_ENUM_CONVERSION = YES;
				CLANG_WARN_INFINITE_RECURSION = YES;
				CLANG_WARN_INT_CONVERSION = YES;
				CLANG_WARN_NON_LITERAL_NULL_CONVERSION = YES;
				CLANG_WARN_OBJC_IMPLICIT_RETAIN_SELF = YES;
				CLANG_WARN_OBJC_LITERAL_CONVERSION = YES;
				CLANG_WARN_OBJC_ROOT_CLASS = YES_ERROR;
				CLANG_WARN_QUOTED_INCLUDE_IN_FRAMEWORK_HEADER = YES;
				CLANG_WARN_RANGE_LOOP_ANALYSIS = YES;
				CLANG_WARN_STRICT_PROTOTYPES = YES;
				CLANG_WARN_SUSPICIOUS_MOVE = YES;
				CLANG_WARN_UNGUARDED_AVAILABILITY = YES_AGGRESSIVE;
				CLANG_WARN_UNREACHABLE_CODE = YES;
				CLANG_WARN__DUPLICATE_METHOD_MATCH = YES;
				COPY_PHASE_STRIP = NO;
				DEBUG_INFORMATION_FORMAT = "dwarf-with-dsym";
				ENABLE_NS_ASSERTIONS = NO;
				ENABLE_STRICT_OBJC_MSGSEND = YES;
				GCC_C_LANGUAGE_STANDARD = gnu11;
				GCC_NO_COMMON_BLOCKS = YES;
				GCC_WARN_64_TO_32_BIT_CONVERSION = YES;
				GCC_WARN_ABOUT_RETURN_TYPE = YES_ERROR;
				GCC_WARN_UNDECLARED_SELECTOR = YES;
				GCC_WARN_UNINITIALIZED_AUTOS = YES_AGGRESSIVE;
				GCC_WARN_UNUSED_FUNCTION = YES;
				GCC_WARN_UNUSED_VARIABLE = YES;
				IPHONEOS_DEPLOYMENT_TARGET = 14.3;
				MTL_ENABLE_DEBUG_INFO = NO;
				MTL_FAST_MATH = YES;
				SDKROOT = iphoneos;
				SWIFT_COMPILATION_MODE = wholemodule;
				SWIFT_OPTIMIZATION_LEVEL = "-O";
				VALIDATE_PRODUCT = YES;
			};
			name = Release;
		};
		189EA80F26909F0E0050BDA7 /* Debug */ = {
			isa = XCBuildConfiguration;
			baseConfigurationReference = 18827E504A7CED593A03F9A7 /* Pods-Deacon.debug.xcconfig */;
			buildSettings = {
				ASSETCATALOG_COMPILER_APPICON_NAME = AppIcon;
				ASSETCATALOG_COMPILER_GLOBAL_ACCENT_COLOR_NAME = AccentColor;
				CODE_SIGN_STYLE = Automatic;
				INFOPLIST_FILE = Deacon/Info.plist;
				IPHONEOS_DEPLOYMENT_TARGET = 13.0;
				LD_RUNPATH_SEARCH_PATHS = (
					"$(inherited)",
					"@executable_path/Frameworks",
				);
				PRODUCT_BUNDLE_IDENTIFIER = com.abc.Deacon;
				PRODUCT_NAME = "$(TARGET_NAME)";
				SWIFT_VERSION = 5.0;
				TARGETED_DEVICE_FAMILY = 1;
			};
			name = Debug;
		};
		189EA81026909F0E0050BDA7 /* Release */ = {
			isa = XCBuildConfiguration;
			baseConfigurationReference = 5A99797A10A9B02318E8A44B /* Pods-Deacon.release.xcconfig */;
			buildSettings = {
				ASSETCATALOG_COMPILER_APPICON_NAME = AppIcon;
				ASSETCATALOG_COMPILER_GLOBAL_ACCENT_COLOR_NAME = AccentColor;
				CODE_SIGN_STYLE = Automatic;
				INFOPLIST_FILE = Deacon/Info.plist;
				IPHONEOS_DEPLOYMENT_TARGET = 13.0;
				LD_RUNPATH_SEARCH_PATHS = (
					"$(inherited)",
					"@executable_path/Frameworks",
				);
				PRODUCT_BUNDLE_IDENTIFIER = com.abc.Deacon;
				PRODUCT_NAME = "$(TARGET_NAME)";
				SWIFT_VERSION = 5.0;
				TARGETED_DEVICE_FAMILY = 1;
			};
			name = Release;
		};
/* End XCBuildConfiguration section */

/* Begin XCConfigurationList section */
		189EA7F226909F0D0050BDA7 /* Build configuration list for PBXProject "Deacon" */ = {
			isa = XCConfigurationList;
			buildConfigurations = (
				189EA80C26909F0E0050BDA7 /* Debug */,
				189EA80D26909F0E0050BDA7 /* Release */,
			);
			defaultConfigurationIsVisible = 0;
			defaultConfigurationName = Release;
		};
		189EA80E26909F0E0050BDA7 /* Build configuration list for PBXNativeTarget "Deacon" */ = {
			isa = XCConfigurationList;
			buildConfigurations = (
				189EA80F26909F0E0050BDA7 /* Debug */,
				189EA81026909F0E0050BDA7 /* Release */,
			);
			defaultConfigurationIsVisible = 0;
			defaultConfigurationName = Release;
		};
/* End XCConfigurationList section */

/* Begin XCVersionGroup section */
		189EA80326909F0D0050BDA7 /* Deacon.xcdatamodeld */ = {
			isa = XCVersionGroup;
			children = (
				189EA80426909F0D0050BDA7 /* Deacon.xcdatamodel */,
			);
			currentVersion = 189EA80426909F0D0050BDA7 /* Deacon.xcdatamodel */;
			path = Deacon.xcdatamodeld;
			sourceTree = "<group>";
			versionGroupType = wrapper.xcdatamodel;
		};
/* End XCVersionGroup section */
	};
	rootObject = 189EA7EF26909F0D0050BDA7 /* Project object */;
}
